
Microsoft Visual Studio Solution File, Format Version 12.00
# Visual Studio 2013
VisualStudioVersion = 12.0.31101.0
MinimumVisualStudioVersion = 10.0.40219.1
Project("{FAE04EC0-301F-11D3-BF4B-00C04F79EFBC}") = "Domain", "Domain\Domain.csproj", "{C26216E5-72EB-4634-A510-79DBF6D0B6D4}"
EndProject
Project("{FAE04EC0-301F-11D3-BF4B-00C04F79EFBC}") = "UnitTests", "UnitTests\UnitTests.csproj", "{D9B80D5C-543C-4883-BC19-F1C7831A1420}"
EndProject
Project("{FAE04EC0-301F-11D3-BF4B-00C04F79EFBC}") = "Web", "Web\Web.csproj", "{28FDA83C-8C85-4F59-BAC8-8F964ECCA82F}"
EndProject
Global
	GlobalSection(SolutionConfigurationPlatforms) = preSolution
		Debug|Any CPU = Debug|Any CPU
		Release|Any CPU = Release|Any CPU
	EndGlobalSection
	GlobalSection(ProjectConfigurationPlatforms) = postSolution
		{C26216E5-72EB-4634-A510-79DBF6D0B6D4}.Debug|Any CPU.ActiveCfg = Debug|Any CPU
		{C26216E5-72EB-4634-A510-79DBF6D0B6D4}.Debug|Any CPU.Build.0 = Debug|Any CPU
		{C26216E5-72EB-4634-A510-79DBF6D0B6D4}.Release|Any CPU.ActiveCfg = Release|Any CPU
		{C26216E5-72EB-4634-A510-79DBF6D0B6D4}.Release|Any CPU.Build.0 = Release|Any CPU
		{D9B80D5C-543C-4883-BC19-F1C7831A1420}.Debug|Any CPU.ActiveCfg = Debug|Any CPU
		{D9B80D5C-543C-4883-BC19-F1C7831A1420}.Debug|Any CPU.Build.0 = Debug|Any CPU
		{D9B80D5C-543C-4883-BC19-F1C7831A1420}.Release|Any CPU.ActiveCfg = Release|Any CPU
		{D9B80D5C-543C-4883-BC19-F1C7831A1420}.Release|Any CPU.Build.0 = Release|Any CPU
		{28FDA83C-8C85-4F59-BAC8-8F964ECCA82F}.Debug|Any CPU.ActiveCfg = Debug|Any CPU
		{28FDA83C-8C85-4F59-BAC8-8F964ECCA82F}.Debug|Any CPU.Build.0 = Debug|Any CPU
		{28FDA83C-8C85-4F59-BAC8-8F964ECCA82F}.Release|Any CPU.ActiveCfg = Release|Any CPU
		{28FDA83C-8C85-4F59-BAC8-8F964ECCA82F}.Release|Any CPU.Build.0 = Release|Any CPU
	EndGlobalSection
	GlobalSection(SolutionProperties) = preSolution
		HideSolutionNode = FALSE
	EndGlobalSection
EndGlobal
